
Microsoft Visual Studio Solution File, Format Version 12.00
# Visual Studio Version 17
VisualStudioVersion = 17.14.36327.8
MinimumVisualStudioVersion = 10.0.40219.1
Project("{2150E333-8FDC-42A3-9474-1A3956D46DE8}") = "BuildingBlocks", "BuildingBlocks", "{02EA681E-C7D8-13C7-8484-4AC65E1B71E8}"
EndProject
Project("{FAE04EC0-301F-11D3-BF4B-00C04F79EFBC}") = "BuildingBlocks", "BuildingBlocks\BuildingBlocks\BuildingBlocks.csproj", "{54EFAEF4-2FF9-4FFF-9683-6ECC02421931}"
EndProject
Project("{FAE04EC0-301F-11D3-BF4B-00C04F79EFBC}") = "BuildingBlocks.Messaging", "BuildingBlocks\BuildingBlocks.Messaging\BuildingBlocks.Messaging.csproj", "{8D8B57D2-1B37-4E69-87CF-A0B58B3879C5}"
EndProject
Project("{2150E333-8FDC-42A3-9474-1A3956D46DE8}") = "Auth", "Auth", "{F0A42105-CFC3-41D8-8DCA-630C924D069A}"
EndProject
Project("{FAE04EC0-301F-11D3-BF4B-00C04F79EFBC}") = "Auth.API", "Auth\Auth.API\Auth.API.csproj", "{45274B20-E0CD-49AA-9541-1604AD87EEE9}"
EndProject
Project("{FAE04EC0-301F-11D3-BF4B-00C04F79EFBC}") = "Auth.Application", "Auth\Auth.Aplication\Auth.Application.csproj", "{90705A34-61E0-4868-80E0-CBBC90077747}"
EndProject
Project("{FAE04EC0-301F-11D3-BF4B-00C04F79EFBC}") = "Auth.Domain", "Auth\Auth.Domain\Auth.Domain.csproj", "{AA6ED0E5-FB78-4E89-807D-07012D1FD452}"
EndProject
Project("{FAE04EC0-301F-11D3-BF4B-00C04F79EFBC}") = "Auth.Infrastructure", "Auth\Auth.Infrastructure\Auth.Infrastructure.csproj", "{E61EE31A-761E-453C-A029-42B1D323ABEA}"
EndProject
Project("{E53339B2-1760-4266-BCC7-CA923CBCF16C}") = "docker-compose", "docker-compose.dcproj", "{81DDED9D-158B-E303-5F62-77A2896D2A5A}"
EndProject
Project("{2150E333-8FDC-42A3-9474-1A3956D46DE8}") = "Patient", "Patient", "{23D9FBAB-F22D-468B-8D4E-FC778D58A92F}"
EndProject
Project("{FAE04EC0-301F-11D3-BF4B-00C04F79EFBC}") = "Patient.API", "Patient\Patient.API\Patient.API.csproj", "{4B291B05-AA2A-40C1-A435-6BF3B80A21CC}"
EndProject
Project("{FAE04EC0-301F-11D3-BF4B-00C04F79EFBC}") = "Patient.Infrastructure", "Patient\Patient.Infrastructure\Patient.Infrastructure.csproj", "{4E487518-2DEC-4A10-86FE-68B01B303A66}"
EndProject
Project("{FAE04EC0-301F-11D3-BF4B-00C04F79EFBC}") = "Patient.Application", "Patient\Patient.Application\Patient.Application.csproj", "{29FA9862-572C-478B-9CA9-F1A9257D553F}"
EndProject
Project("{FAE04EC0-301F-11D3-BF4B-00C04F79EFBC}") = "Patient.Domain", "Patient\Patient.Domain\Patient.Domain.csproj", "{02739B15-27B2-6CB0-CA5C-78615FFDE187}"
EndProject
Project("{2150E333-8FDC-42A3-9474-1A3956D46DE8}") = "Doctor", "Doctor", "{8D32E1C9-119F-4F4F-80FB-66F3A23755A2}"
EndProject
Project("{FAE04EC0-301F-11D3-BF4B-00C04F79EFBC}") = "Doctor.API", "Doctor\Doctor.API\Doctor.API.csproj", "{791CC6F7-FB4F-414F-B38E-63F3C3749617}"
EndProject
Project("{FAE04EC0-301F-11D3-BF4B-00C04F79EFBC}") = "Doctor.Application", "Doctor\Doctor.Application\Doctor.Application.csproj", "{8C5840BA-38E4-49B5-BFDA-516A3EE8F94A}"
EndProject
Project("{FAE04EC0-301F-11D3-BF4B-00C04F79EFBC}") = "Doctor.Domain", "Doctor\Doctor.Domain\Doctor.Domain.csproj", "{CD72C4D0-5B13-4FA7-8493-6BA303933C19}"
EndProject
Project("{2150E333-8FDC-42A3-9474-1A3956D46DE8}") = "ApiGateway", "ApiGateway", "{2F131FF8-A7BA-4786-BE15-49016DC2C6E5}"
EndProject
Project("{FAE04EC0-301F-11D3-BF4B-00C04F79EFBC}") = "Yarp.Gateway", "ApiGateway\Yarp.Gateway\Yarp.Gateway.csproj", "{C9702E29-5AC8-4D5B-B1F5-07E581CB8CAD}"
EndProject
Project("{FAE04EC0-301F-11D3-BF4B-00C04F79EFBC}") = "Doctor.Infrastructure", "Doctor\Doctor.Infrastructure\Doctor.Infrastructure.csproj", "{B50DFED8-39A4-DBE9-7813-99320FC8107A}"
EndProject
Project("{2150E333-8FDC-42A3-9474-1A3956D46DE8}") = "Appointment", "Appointment", "{6DFD1D00-CE09-4A37-9EAA-2E7D068A166B}"
EndProject
Project("{FAE04EC0-301F-11D3-BF4B-00C04F79EFBC}") = "Appointment.API", "Appointment\Appointment.API\Appointment.API.csproj", "{52564E6C-F86A-4AC2-8B72-511ACD8BA528}"
EndProject
Project("{FAE04EC0-301F-11D3-BF4B-00C04F79EFBC}") = "Appointment.Application", "Appointment\Appointment.Application\Appointment.Application.csproj", "{19DA1DD2-A9C4-4564-A6F6-A27EDCB836EA}"
EndProject
Project("{FAE04EC0-301F-11D3-BF4B-00C04F79EFBC}") = "Appointment.Domain", "Appointment\Appointment.Domain\Appointment.Domain.csproj", "{F40E590D-0446-4A46-A520-0AE05520B264}"
EndProject
Project("{FAE04EC0-301F-11D3-BF4B-00C04F79EFBC}") = "Appointment.Infrastructure", "Appointment\Appointment.Infrastructure\Appointment.Infrastructure.csproj", "{E13D705D-3237-4A55-B8E1-99D35D3C05AC}"
EndProject
Project("{2150E333-8FDC-42A3-9474-1A3956D46DE8}") = "Notification", "Notification", "{94356240-4357-4397-BB47-09C8FBCBB1C0}"
EndProject
Project("{FAE04EC0-301F-11D3-BF4B-00C04F79EFBC}") = "Notification.API", "Notification\Notification.API\Notification.API.csproj", "{1BA3EDB5-D865-4F01-AD87-F83B5351F749}"
EndProject
Project("{FAE04EC0-301F-11D3-BF4B-00C04F79EFBC}") = "Notification.Infrastructure", "Notification\Notification.Infrastructure\Notification.Infrastructure.csproj", "{3ED044B0-80C5-4E5B-B839-73549C10E7ED}"
EndProject
Project("{FAE04EC0-301F-11D3-BF4B-00C04F79EFBC}") = "Notification.Application", "Notification\Notification.Application\Notification.Application.csproj", "{C832FE8C-7F03-4FFD-8579-CA9F6DCA42A8}"
EndProject
Project("{FAE04EC0-301F-11D3-BF4B-00C04F79EFBC}") = "Notification.Domain", "Notification\Notification.Domain\Notification.Domain.csproj", "{40E434D3-7AEE-AC9A-9289-D68010584B29}"
EndProject
Project("{2150E333-8FDC-42A3-9474-1A3956D46DE8}") = "AIModel", "AIModel", "{EF6D38A5-4313-4AB9-A555-DD7C7BCA0E1D}"
EndProject
Project("{888888A0-9F3D-457C-B088-3A5042F75D52}") = "BrainScanAI", "AIModel\BrainScanAI\BrainScanAI.pyproj", "{92466DCD-097D-4B50-B6A7-956199F170D0}"
EndProject
Global
	GlobalSection(SolutionConfigurationPlatforms) = preSolution
		Debug|Any CPU = Debug|Any CPU
		Release|Any CPU = Release|Any CPU
	EndGlobalSection
	GlobalSection(ProjectConfigurationPlatforms) = postSolution
		{54EFAEF4-2FF9-4FFF-9683-6ECC02421931}.Debug|Any CPU.ActiveCfg = Debug|Any CPU
		{54EFAEF4-2FF9-4FFF-9683-6ECC02421931}.Debug|Any CPU.Build.0 = Debug|Any CPU
		{54EFAEF4-2FF9-4FFF-9683-6ECC02421931}.Release|Any CPU.ActiveCfg = Release|Any CPU
		{54EFAEF4-2FF9-4FFF-9683-6ECC02421931}.Release|Any CPU.Build.0 = Release|Any CPU
		{8D8B57D2-1B37-4E69-87CF-A0B58B3879C5}.Debug|Any CPU.ActiveCfg = Debug|Any CPU
		{8D8B57D2-1B37-4E69-87CF-A0B58B3879C5}.Debug|Any CPU.Build.0 = Debug|Any CPU
		{8D8B57D2-1B37-4E69-87CF-A0B58B3879C5}.Release|Any CPU.ActiveCfg = Release|Any CPU
		{8D8B57D2-1B37-4E69-87CF-A0B58B3879C5}.Release|Any CPU.Build.0 = Release|Any CPU
		{45274B20-E0CD-49AA-9541-1604AD87EEE9}.Debug|Any CPU.ActiveCfg = Debug|Any CPU
		{45274B20-E0CD-49AA-9541-1604AD87EEE9}.Debug|Any CPU.Build.0 = Debug|Any CPU
		{45274B20-E0CD-49AA-9541-1604AD87EEE9}.Release|Any CPU.ActiveCfg = Release|Any CPU
		{45274B20-E0CD-49AA-9541-1604AD87EEE9}.Release|Any CPU.Build.0 = Release|Any CPU
		{90705A34-61E0-4868-80E0-CBBC90077747}.Debug|Any CPU.ActiveCfg = Debug|Any CPU
		{90705A34-61E0-4868-80E0-CBBC90077747}.Debug|Any CPU.Build.0 = Debug|Any CPU
		{90705A34-61E0-4868-80E0-CBBC90077747}.Release|Any CPU.ActiveCfg = Release|Any CPU
		{90705A34-61E0-4868-80E0-CBBC90077747}.Release|Any CPU.Build.0 = Release|Any CPU
		{AA6ED0E5-FB78-4E89-807D-07012D1FD452}.Debug|Any CPU.ActiveCfg = Debug|Any CPU
		{AA6ED0E5-FB78-4E89-807D-07012D1FD452}.Debug|Any CPU.Build.0 = Debug|Any CPU
		{AA6ED0E5-FB78-4E89-807D-07012D1FD452}.Release|Any CPU.ActiveCfg = Release|Any CPU
		{AA6ED0E5-FB78-4E89-807D-07012D1FD452}.Release|Any CPU.Build.0 = Release|Any CPU
		{E61EE31A-761E-453C-A029-42B1D323ABEA}.Debug|Any CPU.ActiveCfg = Debug|Any CPU
		{E61EE31A-761E-453C-A029-42B1D323ABEA}.Debug|Any CPU.Build.0 = Debug|Any CPU
		{E61EE31A-761E-453C-A029-42B1D323ABEA}.Release|Any CPU.ActiveCfg = Release|Any CPU
		{E61EE31A-761E-453C-A029-42B1D323ABEA}.Release|Any CPU.Build.0 = Release|Any CPU
		{81DDED9D-158B-E303-5F62-77A2896D2A5A}.Debug|Any CPU.ActiveCfg = Debug|Any CPU
		{81DDED9D-158B-E303-5F62-77A2896D2A5A}.Debug|Any CPU.Build.0 = Debug|Any CPU
		{81DDED9D-158B-E303-5F62-77A2896D2A5A}.Release|Any CPU.ActiveCfg = Release|Any CPU
		{81DDED9D-158B-E303-5F62-77A2896D2A5A}.Release|Any CPU.Build.0 = Release|Any CPU
		{4B291B05-AA2A-40C1-A435-6BF3B80A21CC}.Debug|Any CPU.ActiveCfg = Debug|Any CPU
		{4B291B05-AA2A-40C1-A435-6BF3B80A21CC}.Debug|Any CPU.Build.0 = Debug|Any CPU
		{4B291B05-AA2A-40C1-A435-6BF3B80A21CC}.Release|Any CPU.ActiveCfg = Release|Any CPU
		{4B291B05-AA2A-40C1-A435-6BF3B80A21CC}.Release|Any CPU.Build.0 = Release|Any CPU
		{4E487518-2DEC-4A10-86FE-68B01B303A66}.Debug|Any CPU.ActiveCfg = Debug|Any CPU
		{4E487518-2DEC-4A10-86FE-68B01B303A66}.Debug|Any CPU.Build.0 = Debug|Any CPU
		{4E487518-2DEC-4A10-86FE-68B01B303A66}.Release|Any CPU.ActiveCfg = Release|Any CPU
		{4E487518-2DEC-4A10-86FE-68B01B303A66}.Release|Any CPU.Build.0 = Release|Any CPU
		{29FA9862-572C-478B-9CA9-F1A9257D553F}.Debug|Any CPU.ActiveCfg = Debug|Any CPU
		{29FA9862-572C-478B-9CA9-F1A9257D553F}.Debug|Any CPU.Build.0 = Debug|Any CPU
		{29FA9862-572C-478B-9CA9-F1A9257D553F}.Release|Any CPU.ActiveCfg = Release|Any CPU
		{29FA9862-572C-478B-9CA9-F1A9257D553F}.Release|Any CPU.Build.0 = Release|Any CPU
		{02739B15-27B2-6CB0-CA5C-78615FFDE187}.Debug|Any CPU.ActiveCfg = Debug|Any CPU
		{02739B15-27B2-6CB0-CA5C-78615FFDE187}.Debug|Any CPU.Build.0 = Debug|Any CPU
		{02739B15-27B2-6CB0-CA5C-78615FFDE187}.Release|Any CPU.ActiveCfg = Release|Any CPU
		{02739B15-27B2-6CB0-CA5C-78615FFDE187}.Release|Any CPU.Build.0 = Release|Any CPU
		{791CC6F7-FB4F-414F-B38E-63F3C3749617}.Debug|Any CPU.ActiveCfg = Debug|Any CPU
		{791CC6F7-FB4F-414F-B38E-63F3C3749617}.Debug|Any CPU.Build.0 = Debug|Any CPU
		{791CC6F7-FB4F-414F-B38E-63F3C3749617}.Release|Any CPU.ActiveCfg = Release|Any CPU
		{791CC6F7-FB4F-414F-B38E-63F3C3749617}.Release|Any CPU.Build.0 = Release|Any CPU
		{8C5840BA-38E4-49B5-BFDA-516A3EE8F94A}.Debug|Any CPU.ActiveCfg = Debug|Any CPU
		{8C5840BA-38E4-49B5-BFDA-516A3EE8F94A}.Debug|Any CPU.Build.0 = Debug|Any CPU
		{8C5840BA-38E4-49B5-BFDA-516A3EE8F94A}.Release|Any CPU.ActiveCfg = Release|Any CPU
		{8C5840BA-38E4-49B5-BFDA-516A3EE8F94A}.Release|Any CPU.Build.0 = Release|Any CPU
		{CD72C4D0-5B13-4FA7-8493-6BA303933C19}.Debug|Any CPU.ActiveCfg = Debug|Any CPU
		{CD72C4D0-5B13-4FA7-8493-6BA303933C19}.Debug|Any CPU.Build.0 = Debug|Any CPU
		{CD72C4D0-5B13-4FA7-8493-6BA303933C19}.Release|Any CPU.ActiveCfg = Release|Any CPU
		{CD72C4D0-5B13-4FA7-8493-6BA303933C19}.Release|Any CPU.Build.0 = Release|Any CPU
		{C9702E29-5AC8-4D5B-B1F5-07E581CB8CAD}.Debug|Any CPU.ActiveCfg = Debug|Any CPU
		{C9702E29-5AC8-4D5B-B1F5-07E581CB8CAD}.Debug|Any CPU.Build.0 = Debug|Any CPU
		{C9702E29-5AC8-4D5B-B1F5-07E581CB8CAD}.Release|Any CPU.ActiveCfg = Release|Any CPU
		{C9702E29-5AC8-4D5B-B1F5-07E581CB8CAD}.Release|Any CPU.Build.0 = Release|Any CPU
		{B50DFED8-39A4-DBE9-7813-99320FC8107A}.Debug|Any CPU.ActiveCfg = Debug|Any CPU
		{B50DFED8-39A4-DBE9-7813-99320FC8107A}.Debug|Any CPU.Build.0 = Debug|Any CPU
		{B50DFED8-39A4-DBE9-7813-99320FC8107A}.Release|Any CPU.ActiveCfg = Release|Any CPU
		{B50DFED8-39A4-DBE9-7813-99320FC8107A}.Release|Any CPU.Build.0 = Release|Any CPU
		{52564E6C-F86A-4AC2-8B72-511ACD8BA528}.Debug|Any CPU.ActiveCfg = Debug|Any CPU
		{52564E6C-F86A-4AC2-8B72-511ACD8BA528}.Debug|Any CPU.Build.0 = Debug|Any CPU
		{52564E6C-F86A-4AC2-8B72-511ACD8BA528}.Release|Any CPU.ActiveCfg = Release|Any CPU
		{52564E6C-F86A-4AC2-8B72-511ACD8BA528}.Release|Any CPU.Build.0 = Release|Any CPU
		{19DA1DD2-A9C4-4564-A6F6-A27EDCB836EA}.Debug|Any CPU.ActiveCfg = Debug|Any CPU
		{19DA1DD2-A9C4-4564-A6F6-A27EDCB836EA}.Debug|Any CPU.Build.0 = Debug|Any CPU
		{19DA1DD2-A9C4-4564-A6F6-A27EDCB836EA}.Release|Any CPU.ActiveCfg = Release|Any CPU
		{19DA1DD2-A9C4-4564-A6F6-A27EDCB836EA}.Release|Any CPU.Build.0 = Release|Any CPU
		{F40E590D-0446-4A46-A520-0AE05520B264}.Debug|Any CPU.ActiveCfg = Debug|Any CPU
		{F40E590D-0446-4A46-A520-0AE05520B264}.Debug|Any CPU.Build.0 = Debug|Any CPU
		{F40E590D-0446-4A46-A520-0AE05520B264}.Release|Any CPU.ActiveCfg = Release|Any CPU
		{F40E590D-0446-4A46-A520-0AE05520B264}.Release|Any CPU.Build.0 = Release|Any CPU
		{E13D705D-3237-4A55-B8E1-99D35D3C05AC}.Debug|Any CPU.ActiveCfg = Debug|Any CPU
		{E13D705D-3237-4A55-B8E1-99D35D3C05AC}.Debug|Any CPU.Build.0 = Debug|Any CPU
		{E13D705D-3237-4A55-B8E1-99D35D3C05AC}.Release|Any CPU.ActiveCfg = Release|Any CPU
		{E13D705D-3237-4A55-B8E1-99D35D3C05AC}.Release|Any CPU.Build.0 = Release|Any CPU
		{1BA3EDB5-D865-4F01-AD87-F83B5351F749}.Debug|Any CPU.ActiveCfg = Debug|Any CPU
		{1BA3EDB5-D865-4F01-AD87-F83B5351F749}.Debug|Any CPU.Build.0 = Debug|Any CPU
		{1BA3EDB5-D865-4F01-AD87-F83B5351F749}.Release|Any CPU.ActiveCfg = Release|Any CPU
		{1BA3EDB5-D865-4F01-AD87-F83B5351F749}.Release|Any CPU.Build.0 = Release|Any CPU
		{3ED044B0-80C5-4E5B-B839-73549C10E7ED}.Debug|Any CPU.ActiveCfg = Debug|Any CPU
		{3ED044B0-80C5-4E5B-B839-73549C10E7ED}.Debug|Any CPU.Build.0 = Debug|Any CPU
		{3ED044B0-80C5-4E5B-B839-73549C10E7ED}.Release|Any CPU.ActiveCfg = Release|Any CPU
		{3ED044B0-80C5-4E5B-B839-73549C10E7ED}.Release|Any CPU.Build.0 = Release|Any CPU
		{C832FE8C-7F03-4FFD-8579-CA9F6DCA42A8}.Debug|Any CPU.ActiveCfg = Debug|Any CPU
		{C832FE8C-7F03-4FFD-8579-CA9F6DCA42A8}.Debug|Any CPU.Build.0 = Debug|Any CPU
		{C832FE8C-7F03-4FFD-8579-CA9F6DCA42A8}.Release|Any CPU.ActiveCfg = Release|Any CPU
		{C832FE8C-7F03-4FFD-8579-CA9F6DCA42A8}.Release|Any CPU.Build.0 = Release|Any CPU
		{40E434D3-7AEE-AC9A-9289-D68010584B29}.Debug|Any CPU.ActiveCfg = Debug|Any CPU
		{40E434D3-7AEE-AC9A-9289-D68010584B29}.Debug|Any CPU.Build.0 = Debug|Any CPU
		{40E434D3-7AEE-AC9A-9289-D68010584B29}.Release|Any CPU.ActiveCfg = Release|Any CPU
		{40E434D3-7AEE-AC9A-9289-D68010584B29}.Release|Any CPU.Build.0 = Release|Any CPU
		{92466DCD-097D-4B50-B6A7-956199F170D0}.Debug|Any CPU.ActiveCfg = Debug|Any CPU
		{92466DCD-097D-4B50-B6A7-956199F170D0}.Release|Any CPU.ActiveCfg = Release|Any CPU
	EndGlobalSection
	GlobalSection(SolutionProperties) = preSolution
		HideSolutionNode = FALSE
	EndGlobalSection
	GlobalSection(NestedProjects) = preSolution
		{54EFAEF4-2FF9-4FFF-9683-6ECC02421931} = {02EA681E-C7D8-13C7-8484-4AC65E1B71E8}
		{8D8B57D2-1B37-4E69-87CF-A0B58B3879C5} = {02EA681E-C7D8-13C7-8484-4AC65E1B71E8}
		{45274B20-E0CD-49AA-9541-1604AD87EEE9} = {F0A42105-CFC3-41D8-8DCA-630C924D069A}
		{90705A34-61E0-4868-80E0-CBBC90077747} = {F0A42105-CFC3-41D8-8DCA-630C924D069A}
		{AA6ED0E5-FB78-4E89-807D-07012D1FD452} = {F0A42105-CFC3-41D8-8DCA-630C924D069A}
		{E61EE31A-761E-453C-A029-42B1D323ABEA} = {F0A42105-CFC3-41D8-8DCA-630C924D069A}
		{4B291B05-AA2A-40C1-A435-6BF3B80A21CC} = {23D9FBAB-F22D-468B-8D4E-FC778D58A92F}
		{4E487518-2DEC-4A10-86FE-68B01B303A66} = {23D9FBAB-F22D-468B-8D4E-FC778D58A92F}
		{29FA9862-572C-478B-9CA9-F1A9257D553F} = {23D9FBAB-F22D-468B-8D4E-FC778D58A92F}
		{02739B15-27B2-6CB0-CA5C-78615FFDE187} = {23D9FBAB-F22D-468B-8D4E-FC778D58A92F}
		{791CC6F7-FB4F-414F-B38E-63F3C3749617} = {8D32E1C9-119F-4F4F-80FB-66F3A23755A2}
		{8C5840BA-38E4-49B5-BFDA-516A3EE8F94A} = {8D32E1C9-119F-4F4F-80FB-66F3A23755A2}
		{CD72C4D0-5B13-4FA7-8493-6BA303933C19} = {8D32E1C9-119F-4F4F-80FB-66F3A23755A2}
		{C9702E29-5AC8-4D5B-B1F5-07E581CB8CAD} = {2F131FF8-A7BA-4786-BE15-49016DC2C6E5}
		{B50DFED8-39A4-DBE9-7813-99320FC8107A} = {8D32E1C9-119F-4F4F-80FB-66F3A23755A2}
		{52564E6C-F86A-4AC2-8B72-511ACD8BA528} = {6DFD1D00-CE09-4A37-9EAA-2E7D068A166B}
		{19DA1DD2-A9C4-4564-A6F6-A27EDCB836EA} = {6DFD1D00-CE09-4A37-9EAA-2E7D068A166B}
		{F40E590D-0446-4A46-A520-0AE05520B264} = {6DFD1D00-CE09-4A37-9EAA-2E7D068A166B}
		{E13D705D-3237-4A55-B8E1-99D35D3C05AC} = {6DFD1D00-CE09-4A37-9EAA-2E7D068A166B}
		{1BA3EDB5-D865-4F01-AD87-F83B5351F749} = {94356240-4357-4397-BB47-09C8FBCBB1C0}
		{3ED044B0-80C5-4E5B-B839-73549C10E7ED} = {94356240-4357-4397-BB47-09C8FBCBB1C0}
		{C832FE8C-7F03-4FFD-8579-CA9F6DCA42A8} = {94356240-4357-4397-BB47-09C8FBCBB1C0}
		{40E434D3-7AEE-AC9A-9289-D68010584B29} = {94356240-4357-4397-BB47-09C8FBCBB1C0}
		{92466DCD-097D-4B50-B6A7-956199F170D0} = {EF6D38A5-4313-4AB9-A555-DD7C7BCA0E1D}
	EndGlobalSection
	GlobalSection(ExtensibilityGlobals) = postSolution
		SolutionGuid = {4B074D4A-CDB6-488C-9942-F95202BE125C}
	EndGlobalSection
EndGlobal
